
Microsoft Visual Studio Solution File, Format Version 12.00
# Visual Studio Version 17
VisualStudioVersion = 17.8.34525.116
MinimumVisualStudioVersion = 10.0.40219.1
Project("{FAE04EC0-301F-11D3-BF4B-00C04F79EFBC}") = "Library_Management", "Library_Management.csproj", "{C69A707F-8F03-4F78-82A8-140727CE45CB}"
EndProject
Project("{FAE04EC0-301F-11D3-BF4B-00C04F79EFBC}") = "LibraryBusiness", "..\LibraryBusiness\LibraryBusiness.csproj", "{01ECC966-1586-4E94-AF53-64BDA1951DE9}"
EndProject
Project("{FAE04EC0-301F-11D3-BF4B-00C04F79EFBC}") = "LibraryDataAccess", "..\LibraryDataAccess\LibraryDataAccess.csproj", "{7BCEC80F-F29E-4D7B-B1F4-264871C5AD06}"
EndProject
Global
	GlobalSection(SolutionConfigurationPlatforms) = preSolution
		Debug|Any CPU = Debug|Any CPU
		Release|Any CPU = Release|Any CPU
	EndGlobalSection
	GlobalSection(ProjectConfigurationPlatforms) = postSolution
		{C69A707F-8F03-4F78-82A8-140727CE45CB}.Debug|Any CPU.ActiveCfg = Debug|Any CPU
		{C69A707F-8F03-4F78-82A8-140727CE45CB}.Debug|Any CPU.Build.0 = Debug|Any CPU
		{C69A707F-8F03-4F78-82A8-140727CE45CB}.Release|Any CPU.ActiveCfg = Release|Any CPU
		{C69A707F-8F03-4F78-82A8-140727CE45CB}.Release|Any CPU.Build.0 = Release|Any CPU
		{01ECC966-1586-4E94-AF53-64BDA1951DE9}.Debug|Any CPU.ActiveCfg = Debug|Any CPU
		{01ECC966-1586-4E94-AF53-64BDA1951DE9}.Debug|Any CPU.Build.0 = Debug|Any CPU
		{01ECC966-1586-4E94-AF53-64BDA1951DE9}.Release|Any CPU.ActiveCfg = Release|Any CPU
		{01ECC966-1586-4E94-AF53-64BDA1951DE9}.Release|Any CPU.Build.0 = Release|Any CPU
		{7BCEC80F-F29E-4D7B-B1F4-264871C5AD06}.Debug|Any CPU.ActiveCfg = Debug|Any CPU
		{7BCEC80F-F29E-4D7B-B1F4-264871C5AD06}.Debug|Any CPU.Build.0 = Debug|Any CPU
		{7BCEC80F-F29E-4D7B-B1F4-264871C5AD06}.Release|Any CPU.ActiveCfg = Release|Any CPU
		{7BCEC80F-F29E-4D7B-B1F4-264871C5AD06}.Release|Any CPU.Build.0 = Release|Any CPU
	EndGlobalSection
	GlobalSection(SolutionProperties) = preSolution
		HideSolutionNode = FALSE
	EndGlobalSection
	GlobalSection(ExtensibilityGlobals) = postSolution
		SolutionGuid = {B0D2788F-13DD-428D-B7FB-BB1D26F7557A}
	EndGlobalSection
EndGlobal
